<?xml version="1.0" encoding="utf-8"?>
<Project ToolsVersion="4.0" xmlns="http://schemas.microsoft.com/developer/msbuild/2003">
  <ItemGroup>
    <Filter Include="Source Files">
      <UniqueIdentifier>{4FC737F1-C7A5-4376-A066-2A32D752A2FF}</UniqueIdentifier>
      <Extensions>cpp;c;cc;cxx;def;odl;idl;hpj;bat;asm;asmx</Extensions>
    </Filter>
    <Filter Include="Header Files">
      <UniqueIdentifier>{93995380-89BD-4b04-88EB-625FBE52EBFB}</UniqueIdentifier>
      <Extensions>h;hh;hpp;hxx;hm;inl;inc;xsd</Extensions>
    </Filter>
    <Filter Include="Resource Files">
      <UniqueIdentifier>{67DA6AB6-F800-4c08-8B7A-83BB121AAD01}</UniqueIdentifier>
      <Extensions>rc;ico;cur;bmp;dlg;rc2;rct;bin;rgs;gif;jpg;jpeg;jpe;resx;tiff;tif;png;wav</Extensions>
    </Filter>
    <Filter Include="TGA">
      <UniqueIdentifier>{b324ab69-1072-4fc7-8c28-9363db141cca}</UniqueIdentifier>
    </Filter>
  </ItemGroup>
  <ItemGroup>
    <ClCompile Include="src\Core\Shader_Loader.cpp">
      <Filter>Source Files</Filter>
    </ClCompile>
    <ClCompile Include="src\GLSLUtils.cpp">
      <Filter>Source Files</Filter>
    </ClCompile>
    <ClCompile Include="src\GUI\features\BlinkedMark.cpp">
      <Filter>Source Files</Filter>
    </ClCompile>
    <ClCompile Include="src\GUI\features\Mark.cpp">
      <Filter>Source Files</Filter>
    </ClCompile>
    <ClCompile Include="src\main.cpp">
      <Filter>Source Files</Filter>
    </ClCompile>
    <ClCompile Include="src\model\Cube.cpp">
      <Filter>Source Files</Filter>
    </ClCompile>
    <ClCompile Include="src\model\House.cpp">
      <Filter>Source Files</Filter>
    </ClCompile>
    <ClCompile Include="src\model\Model.cpp">
      <Filter>Source Files</Filter>
    </ClCompile>
    <ClCompile Include="src\model\Terrain.cpp">
      <Filter>Source Files</Filter>
    </ClCompile>
    <ClCompile Include="src\ui\camera\Camera.cpp">
      <Filter>Source Files</Filter>
    </ClCompile>
    <ClCompile Include="src\ui\events\MouseEvent.cpp">
      <Filter>Source Files</Filter>
    </ClCompile>
    <ClCompile Include="src\ui\listeners\OnMouseActionListener.cpp">
      <Filter>Source Files</Filter>
    </ClCompile>
    <ClCompile Include="src\ui\scene\Scene.cpp">
      <Filter>Source Files</Filter>
    </ClCompile>
    <ClCompile Include="src\ui\screens\ModelViewScreen.cpp">
      <Filter>Source Files</Filter>
    </ClCompile>
    <ClCompile Include="src\ui\screens\Screen.cpp">
      <Filter>Source Files</Filter>
    </ClCompile>
    <ClCompile Include="src\ui\temp\Core.cpp">
      <Filter>Source Files</Filter>
    </ClCompile>
    <ClCompile Include="src\ui\temp\Drawable.cpp">
      <Filter>Source Files</Filter>
    </ClCompile>
    <ClCompile Include="src\ui\temp\Frame.cpp">
      <Filter>Source Files</Filter>
    </ClCompile>
    <ClCompile Include="src\ui\temp\View.cpp">
      <Filter>Source Files</Filter>
    </ClCompile>
    <ClCompile Include="src\ui\window\Window.cpp">
      <Filter>Source Files</Filter>
    </ClCompile>
    <ClCompile Include="src\math\Math.cpp">
      <Filter>Source Files</Filter>
    </ClCompile>
    <ClCompile Include="src\math\CVector3.cpp">
      <Filter>Source Files</Filter>
    </ClCompile>
    <ClCompile Include="src\json\jsoncpp.cpp">
      <Filter>Source Files</Filter>
    </ClCompile>
    <ClCompile Include="src\FileSystem\FileReader.cpp">
      <Filter>Source Files</Filter>
    </ClCompile>
    <ClCompile Include="src\FileSystem\ObjModelReader.cpp">
      <Filter>Source Files</Filter>
    </ClCompile>
    <ClCompile Include="headers\tga\tga.c">
      <Filter>TGA</Filter>
    </ClCompile>
    <ClCompile Include="headers\tga\tgaread.c">
      <Filter>TGA</Filter>
    </ClCompile>
    <ClCompile Include="headers\tga\tgawrite.c">
      <Filter>TGA</Filter>
    </ClCompile>
  </ItemGroup>
  <ItemGroup>
    <ClInclude Include="src\Core\Shader_Loader.h">
      <Filter>Header Files</Filter>
    </ClInclude>
    <ClInclude Include="src\GUI\features\BlinkedMark.h">
      <Filter>Header Files</Filter>
    </ClInclude>
    <ClInclude Include="src\GUI\features\Mark.h">
      <Filter>Header Files</Filter>
    </ClInclude>
    <ClInclude Include="src\resource.h">
      <Filter>Header Files</Filter>
    </ClInclude>
    <ClInclude Include="src\ui\camera\Camera.h">
      <Filter>Header Files</Filter>
    </ClInclude>
    <ClInclude Include="src\ui\events\MouseEvent.h">
      <Filter>Header Files</Filter>
    </ClInclude>
    <ClInclude Include="src\ui\listeners\OnMouseActionListener.h">
      <Filter>Header Files</Filter>
    </ClInclude>
    <ClInclude Include="src\ui\listeners\OnScreenSizeChangedListener.h">
      <Filter>Header Files</Filter>
    </ClInclude>
    <ClInclude Include="src\ui\scene\Scene.h">
      <Filter>Header Files</Filter>
    </ClInclude>
    <ClInclude Include="src\ui\screens\ModelViewScreen.h">
      <Filter>Header Files</Filter>
    </ClInclude>
    <ClInclude Include="src\ui\screens\Screen.h">
      <Filter>Header Files</Filter>
    </ClInclude>
    <ClInclude Include="src\ui\temp\Core.h">
      <Filter>Header Files</Filter>
    </ClInclude>
    <ClInclude Include="src\ui\temp\Drawable.h">
      <Filter>Header Files</Filter>
    </ClInclude>
    <ClInclude Include="src\ui\temp\Frame.h">
      <Filter>Header Files</Filter>
    </ClInclude>
    <ClInclude Include="src\ui\temp\View.h">
      <Filter>Header Files</Filter>
    </ClInclude>
    <ClInclude Include="src\ui\window\Window.h">
      <Filter>Header Files</Filter>
    </ClInclude>
    <ClInclude Include="headers\math\CVector3.h">
      <Filter>Header Files</Filter>
    </ClInclude>
    <ClInclude Include="headers\math\Math.h">
      <Filter>Header Files</Filter>
    </ClInclude>
    <ClInclude Include="headers\FileSystem\FileReader.h">
      <Filter>Header Files</Filter>
    </ClInclude>
    <ClInclude Include="headers\FileSystem\ObjModelReader.h">
      <Filter>Header Files</Filter>
    </ClInclude>
    <ClInclude Include="headers\models\Cube.h">
      <Filter>Header Files</Filter>
    </ClInclude>
    <ClInclude Include="headers\models\House.h">
      <Filter>Header Files</Filter>
    </ClInclude>
    <ClInclude Include="headers\models\Model.h">
      <Filter>Header Files</Filter>
    </ClInclude>
    <ClInclude Include="headers\models\Terrain.h">
      <Filter>Header Files</Filter>
    </ClInclude>
    <ClInclude Include="headers\tga\tga.h">
      <Filter>TGA</Filter>
    </ClInclude>
    <ClInclude Include="headers\tga\tgaconfig.h">
      <Filter>TGA</Filter>
    </ClInclude>
  </ItemGroup>
</Project>